
Microsoft Visual Studio Solution File, Format Version 10.00
# Visual Studio 2008
Project("{4F174C21-8C12-11D0-8340-0000F80270F8}") = "Doc_Ref", "Doc_Ref\Doc_Ref.dbp", "{6F8CA168-248B-48E5-B6E1-4F1036024DD7}"
EndProject
Project("{F184B08F-C81C-45F6-A57F-5ABD9991F28F}") = "MPS", "MPS\MPS.vbproj", "{D630D074-D25E-4F7C-A91B-56F792E8A6AB}"
EndProject
Project("{F184B08F-C81C-45F6-A57F-5ABD9991F28F}") = "MPS.Model", "MPS.Model\MPS.Model.vbproj", "{E6E87EF1-21F4-4A44-9121-421220D91371}"
EndProject
Project("{F184B08F-C81C-45F6-A57F-5ABD9991F28F}") = "MPS.Reports", "MPS.Reports\MPS.Reports.vbproj", "{82E5B392-5E30-4C53-8EFD-30CC913ADEF9}"
EndProject
Project("{F184B08F-C81C-45F6-A57F-5ABD9991F28F}") = "MPS.DAL", "MPS.DAL\MPS.DAL.vbproj", "{664D92F5-824D-4A04-BD89-8C23CD795DDB}"
EndProject
Project("{F184B08F-C81C-45F6-A57F-5ABD9991F28F}") = "MPS.BLL", "MPS.BLL\MPS.BLL.vbproj", "{4E74A96D-628C-4DED-8FED-42E32A98958E}"
EndProject
Global
	GlobalSection(SolutionConfigurationPlatforms) = preSolution
		Debug|.NET = Debug|.NET
		Debug|Any CPU = Debug|Any CPU
		Debug|Mixed Platforms = Debug|Mixed Platforms
		Release|.NET = Release|.NET
		Release|Any CPU = Release|Any CPU
		Release|Mixed Platforms = Release|Mixed Platforms
	EndGlobalSection
	GlobalSection(ProjectConfigurationPlatforms) = postSolution
		{D630D074-D25E-4F7C-A91B-56F792E8A6AB}.Debug|.NET.ActiveCfg = Debug|Any CPU
		{D630D074-D25E-4F7C-A91B-56F792E8A6AB}.Debug|Any CPU.ActiveCfg = Debug|Any CPU
		{D630D074-D25E-4F7C-A91B-56F792E8A6AB}.Debug|Any CPU.Build.0 = Debug|Any CPU
		{D630D074-D25E-4F7C-A91B-56F792E8A6AB}.Debug|Mixed Platforms.ActiveCfg = Debug|Any CPU
		{D630D074-D25E-4F7C-A91B-56F792E8A6AB}.Debug|Mixed Platforms.Build.0 = Debug|Any CPU
		{D630D074-D25E-4F7C-A91B-56F792E8A6AB}.Release|.NET.ActiveCfg = Release|Any CPU
		{D630D074-D25E-4F7C-A91B-56F792E8A6AB}.Release|Any CPU.ActiveCfg = Release|Any CPU
		{D630D074-D25E-4F7C-A91B-56F792E8A6AB}.Release|Any CPU.Build.0 = Release|Any CPU
		{D630D074-D25E-4F7C-A91B-56F792E8A6AB}.Release|Mixed Platforms.ActiveCfg = Release|Any CPU
		{D630D074-D25E-4F7C-A91B-56F792E8A6AB}.Release|Mixed Platforms.Build.0 = Release|Any CPU
		{E6E87EF1-21F4-4A44-9121-421220D91371}.Debug|.NET.ActiveCfg = Debug|Any CPU
		{E6E87EF1-21F4-4A44-9121-421220D91371}.Debug|Any CPU.ActiveCfg = Debug|Any CPU
		{E6E87EF1-21F4-4A44-9121-421220D91371}.Debug|Any CPU.Build.0 = Debug|Any CPU
		{E6E87EF1-21F4-4A44-9121-421220D91371}.Debug|Mixed Platforms.ActiveCfg = Debug|Any CPU
		{E6E87EF1-21F4-4A44-9121-421220D91371}.Debug|Mixed Platforms.Build.0 = Debug|Any CPU
		{E6E87EF1-21F4-4A44-9121-421220D91371}.Release|.NET.ActiveCfg = Release|Any CPU
		{E6E87EF1-21F4-4A44-9121-421220D91371}.Release|Any CPU.ActiveCfg = Release|Any CPU
		{E6E87EF1-21F4-4A44-9121-421220D91371}.Release|Any CPU.Build.0 = Release|Any CPU
		{E6E87EF1-21F4-4A44-9121-421220D91371}.Release|Mixed Platforms.ActiveCfg = Release|Any CPU
		{E6E87EF1-21F4-4A44-9121-421220D91371}.Release|Mixed Platforms.Build.0 = Release|Any CPU
		{82E5B392-5E30-4C53-8EFD-30CC913ADEF9}.Debug|.NET.ActiveCfg = Debug|Any CPU
		{82E5B392-5E30-4C53-8EFD-30CC913ADEF9}.Debug|Any CPU.ActiveCfg = Debug|Any CPU
		{82E5B392-5E30-4C53-8EFD-30CC913ADEF9}.Debug|Any CPU.Build.0 = Debug|Any CPU
		{82E5B392-5E30-4C53-8EFD-30CC913ADEF9}.Debug|Mixed Platforms.ActiveCfg = Debug|Any CPU
		{82E5B392-5E30-4C53-8EFD-30CC913ADEF9}.Debug|Mixed Platforms.Build.0 = Debug|Any CPU
		{82E5B392-5E30-4C53-8EFD-30CC913ADEF9}.Release|.NET.ActiveCfg = Release|Any CPU
		{82E5B392-5E30-4C53-8EFD-30CC913ADEF9}.Release|Any CPU.ActiveCfg = Release|Any CPU
		{82E5B392-5E30-4C53-8EFD-30CC913ADEF9}.Release|Any CPU.Build.0 = Release|Any CPU
		{82E5B392-5E30-4C53-8EFD-30CC913ADEF9}.Release|Mixed Platforms.ActiveCfg = Release|Any CPU
		{82E5B392-5E30-4C53-8EFD-30CC913ADEF9}.Release|Mixed Platforms.Build.0 = Release|Any CPU
		{664D92F5-824D-4A04-BD89-8C23CD795DDB}.Debug|.NET.ActiveCfg = Debug|Any CPU
		{664D92F5-824D-4A04-BD89-8C23CD795DDB}.Debug|Any CPU.ActiveCfg = Debug|Any CPU
		{664D92F5-824D-4A04-BD89-8C23CD795DDB}.Debug|Any CPU.Build.0 = Debug|Any CPU
		{664D92F5-824D-4A04-BD89-8C23CD795DDB}.Debug|Mixed Platforms.ActiveCfg = Debug|Any CPU
		{664D92F5-824D-4A04-BD89-8C23CD795DDB}.Debug|Mixed Platforms.Build.0 = Debug|Any CPU
		{664D92F5-824D-4A04-BD89-8C23CD795DDB}.Release|.NET.ActiveCfg = Release|Any CPU
		{664D92F5-824D-4A04-BD89-8C23CD795DDB}.Release|Any CPU.ActiveCfg = Release|Any CPU
		{664D92F5-824D-4A04-BD89-8C23CD795DDB}.Release|Any CPU.Build.0 = Release|Any CPU
		{664D92F5-824D-4A04-BD89-8C23CD795DDB}.Release|Mixed Platforms.ActiveCfg = Release|Any CPU
		{664D92F5-824D-4A04-BD89-8C23CD795DDB}.Release|Mixed Platforms.Build.0 = Release|Any CPU
		{4E74A96D-628C-4DED-8FED-42E32A98958E}.Debug|.NET.ActiveCfg = Debug|Any CPU
		{4E74A96D-628C-4DED-8FED-42E32A98958E}.Debug|Any CPU.ActiveCfg = Debug|Any CPU
		{4E74A96D-628C-4DED-8FED-42E32A98958E}.Debug|Any CPU.Build.0 = Debug|Any CPU
		{4E74A96D-628C-4DED-8FED-42E32A98958E}.Debug|Mixed Platforms.ActiveCfg = Debug|Any CPU
		{4E74A96D-628C-4DED-8FED-42E32A98958E}.Debug|Mixed Platforms.Build.0 = Debug|Any CPU
		{4E74A96D-628C-4DED-8FED-42E32A98958E}.Release|.NET.ActiveCfg = Release|Any CPU
		{4E74A96D-628C-4DED-8FED-42E32A98958E}.Release|Any CPU.ActiveCfg = Release|Any CPU
		{4E74A96D-628C-4DED-8FED-42E32A98958E}.Release|Any CPU.Build.0 = Release|Any CPU
		{4E74A96D-628C-4DED-8FED-42E32A98958E}.Release|Mixed Platforms.ActiveCfg = Release|Any CPU
		{4E74A96D-628C-4DED-8FED-42E32A98958E}.Release|Mixed Platforms.Build.0 = Release|Any CPU
	EndGlobalSection
	GlobalSection(SolutionProperties) = preSolution
		HideSolutionNode = FALSE
	EndGlobalSection
EndGlobal
